
Microsoft Visual Studio Solution File, Format Version 12.00
# Visual Studio 15
Project("{FAE04EC0-301F-11D3-BF4B-00C04F79EFBC}") = "Assembly-CSharp", "Assembly-CSharp.csproj", "{07C45D5F-1140-FB33-6F2C-21650195F446}"
EndProject
Project("{FAE04EC0-301F-11D3-BF4B-00C04F79EFBC}") = "Assembly-CSharp-firstpass", "Assembly-CSharp-firstpass.csproj", "{A51AEFA8-E4E3-1E14-A2FD-7BF141D4B3C5}"
EndProject
Project("{FAE04EC0-301F-11D3-BF4B-00C04F79EFBC}") = "Assembly-CSharp-Editor-firstpass", "Assembly-CSharp-Editor-firstpass.csproj", "{AA709BE0-2208-20E7-F6F6-E8673C19B92B}"
EndProject
Global
	GlobalSection(SolutionConfigurationPlatforms) = preSolution
		Debug|Any CPU = Debug|Any CPU
		Release|Any CPU = Release|Any CPU
	EndGlobalSection
	GlobalSection(ProjectConfigurationPlatforms) = postSolution
		{07C45D5F-1140-FB33-6F2C-21650195F446}.Debug|Any CPU.ActiveCfg = Debug|Any CPU
		{07C45D5F-1140-FB33-6F2C-21650195F446}.Debug|Any CPU.Build.0 = Debug|Any CPU
		{07C45D5F-1140-FB33-6F2C-21650195F446}.Release|Any CPU.ActiveCfg = Release|Any CPU
		{07C45D5F-1140-FB33-6F2C-21650195F446}.Release|Any CPU.Build.0 = Release|Any CPU
		{A51AEFA8-E4E3-1E14-A2FD-7BF141D4B3C5}.Debug|Any CPU.ActiveCfg = Debug|Any CPU
		{A51AEFA8-E4E3-1E14-A2FD-7BF141D4B3C5}.Debug|Any CPU.Build.0 = Debug|Any CPU
		{A51AEFA8-E4E3-1E14-A2FD-7BF141D4B3C5}.Release|Any CPU.ActiveCfg = Release|Any CPU
		{A51AEFA8-E4E3-1E14-A2FD-7BF141D4B3C5}.Release|Any CPU.Build.0 = Release|Any CPU
		{AA709BE0-2208-20E7-F6F6-E8673C19B92B}.Debug|Any CPU.ActiveCfg = Debug|Any CPU
		{AA709BE0-2208-20E7-F6F6-E8673C19B92B}.Debug|Any CPU.Build.0 = Debug|Any CPU
		{AA709BE0-2208-20E7-F6F6-E8673C19B92B}.Release|Any CPU.ActiveCfg = Release|Any CPU
		{AA709BE0-2208-20E7-F6F6-E8673C19B92B}.Release|Any CPU.Build.0 = Release|Any CPU
	EndGlobalSection
	GlobalSection(SolutionProperties) = preSolution
		HideSolutionNode = FALSE
	EndGlobalSection
	GlobalSection(MonoDevelopProperties) = preSolution
		StartupItem = Assembly-CSharp.csproj
	EndGlobalSection
EndGlobal
